
Microsoft Visual Studio Solution File, Format Version 12.00
# Visual Studio Version 16
VisualStudioVersion = 16.0.31105.61
MinimumVisualStudioVersion = 10.0.40219.1
Project("{9A19103F-16F7-4668-BE54-9A1E7A4F7556}") = "BlogSky.Web", "BlogSky.Web\BlogSky.Web.csproj", "{A6F706D9-D9E1-4C7D-A834-761C050FF264}"
EndProject
Project("{9A19103F-16F7-4668-BE54-9A1E7A4F7556}") = "BlogSky.Models", "BlogSky.Models\BlogSky.Models.csproj", "{FB1A2FE2-B61F-4F8E-B183-52E9DC1A770E}"
EndProject
Project("{9A19103F-16F7-4668-BE54-9A1E7A4F7556}") = "BlogSky.Repository", "BlogSky.Repository\BlogSky.Repository.csproj", "{0C47972C-7E31-4B60-A335-D4A558A6AFA3}"
EndProject
Project("{9A19103F-16F7-4668-BE54-9A1E7A4F7556}") = "BlogSky.Identity", "BlogSky.Identity\BlogSky.Identity.csproj", "{23918293-6A46-4178-BCF5-FE6E34E8188D}"
EndProject
Project("{FAE04EC0-301F-11D3-BF4B-00C04F79EFBC}") = "BlogSky.Services", "BlogSky.Services\BlogSky.Services.csproj", "{07AE77B7-8ADC-4B37-9AB1-596D148470EE}"
EndProject
Global
	GlobalSection(SolutionConfigurationPlatforms) = preSolution
		Debug|Any CPU = Debug|Any CPU
		Release|Any CPU = Release|Any CPU
	EndGlobalSection
	GlobalSection(ProjectConfigurationPlatforms) = postSolution
		{A6F706D9-D9E1-4C7D-A834-761C050FF264}.Debug|Any CPU.ActiveCfg = Debug|Any CPU
		{A6F706D9-D9E1-4C7D-A834-761C050FF264}.Debug|Any CPU.Build.0 = Debug|Any CPU
		{A6F706D9-D9E1-4C7D-A834-761C050FF264}.Release|Any CPU.ActiveCfg = Release|Any CPU
		{A6F706D9-D9E1-4C7D-A834-761C050FF264}.Release|Any CPU.Build.0 = Release|Any CPU
		{FB1A2FE2-B61F-4F8E-B183-52E9DC1A770E}.Debug|Any CPU.ActiveCfg = Debug|Any CPU
		{FB1A2FE2-B61F-4F8E-B183-52E9DC1A770E}.Debug|Any CPU.Build.0 = Debug|Any CPU
		{FB1A2FE2-B61F-4F8E-B183-52E9DC1A770E}.Release|Any CPU.ActiveCfg = Release|Any CPU
		{FB1A2FE2-B61F-4F8E-B183-52E9DC1A770E}.Release|Any CPU.Build.0 = Release|Any CPU
		{0C47972C-7E31-4B60-A335-D4A558A6AFA3}.Debug|Any CPU.ActiveCfg = Debug|Any CPU
		{0C47972C-7E31-4B60-A335-D4A558A6AFA3}.Debug|Any CPU.Build.0 = Debug|Any CPU
		{0C47972C-7E31-4B60-A335-D4A558A6AFA3}.Release|Any CPU.ActiveCfg = Release|Any CPU
		{0C47972C-7E31-4B60-A335-D4A558A6AFA3}.Release|Any CPU.Build.0 = Release|Any CPU
		{23918293-6A46-4178-BCF5-FE6E34E8188D}.Debug|Any CPU.ActiveCfg = Debug|Any CPU
		{23918293-6A46-4178-BCF5-FE6E34E8188D}.Debug|Any CPU.Build.0 = Debug|Any CPU
		{23918293-6A46-4178-BCF5-FE6E34E8188D}.Release|Any CPU.ActiveCfg = Release|Any CPU
		{23918293-6A46-4178-BCF5-FE6E34E8188D}.Release|Any CPU.Build.0 = Release|Any CPU
		{07AE77B7-8ADC-4B37-9AB1-596D148470EE}.Debug|Any CPU.ActiveCfg = Debug|Any CPU
		{07AE77B7-8ADC-4B37-9AB1-596D148470EE}.Debug|Any CPU.Build.0 = Debug|Any CPU
		{07AE77B7-8ADC-4B37-9AB1-596D148470EE}.Release|Any CPU.ActiveCfg = Release|Any CPU
		{07AE77B7-8ADC-4B37-9AB1-596D148470EE}.Release|Any CPU.Build.0 = Release|Any CPU
	EndGlobalSection
	GlobalSection(SolutionProperties) = preSolution
		HideSolutionNode = FALSE
	EndGlobalSection
	GlobalSection(ExtensibilityGlobals) = postSolution
		SolutionGuid = {AAAE3008-36E8-4371-A3FE-D5AA05AAA93A}
	EndGlobalSection
EndGlobal
